{
  "projects": [
    {
      "projectId": "qz82g6YFD3ByaFAf5Je7H9",
      "version": "latest",
      "dependencies": {},
      "lang": "js",
      "fileLocks": [
        {
          "type": "globalVariant",
          "assetId": "T92plFGSpkZH",
          "checksum": "0a8e030d11635d9a4a3216c50748cbd7"
        },
        {
          "type": "renderModule",
          "assetId": "2tywXRtfaTRf",
          "checksum": "89694a3193a5b4eca2ebe49564984ec7"
        },
        {
          "type": "cssRules",
          "assetId": "2tywXRtfaTRf",
          "checksum": "89694a3193a5b4eca2ebe49564984ec7"
        },
        {
          "type": "renderModule",
          "assetId": "qkHzGyBKg8",
          "checksum": "f8425c54fd872560dfdedb598b0826f7"
        },
        {
          "type": "cssRules",
          "assetId": "qkHzGyBKg8",
          "checksum": "f8425c54fd872560dfdedb598b0826f7"
        },
        {
          "type": "renderModule",
          "assetId": "x5CQBu2cJl",
          "checksum": "920d111f944b8eca15bf3951e6ea1ab7"
        },
        {
          "type": "cssRules",
          "assetId": "x5CQBu2cJl",
          "checksum": "920d111f944b8eca15bf3951e6ea1ab7"
        },
        {
          "type": "renderModule",
          "assetId": "Ydq7E6riCm",
          "checksum": "1f6a4925e7e05a6376226afc4051f7b8"
        },
        {
          "type": "cssRules",
          "assetId": "Ydq7E6riCm",
          "checksum": "1f6a4925e7e05a6376226afc4051f7b8"
        },
        {
          "type": "image",
          "assetId": "-ALTKeLUl",
          "checksum": "c0fcdc79bf93e16629d266ced56fcaaa"
        },
        {
          "type": "globalVariant",
          "assetId": "uaiHSTLBvk",
          "checksum": "e4bb50a794a73db425616185adf9d824"
        },
        {
          "assetId": "qz82g6YFD3ByaFAf5Je7H9",
          "type": "projectCss",
          "checksum": "c2bcaed139865230fceca82da3a0c6ff"
        },
        {
          "type": "renderModule",
          "assetId": "5ZZWxsx_rh",
          "checksum": "a947970312e64c5196b3b598775670ba"
        },
        {
          "type": "cssRules",
          "assetId": "5ZZWxsx_rh",
          "checksum": "a947970312e64c5196b3b598775670ba"
        }
      ]
    }
  ],
  "cliVersion": "0.1.137"
}
