{
  "projects": [
    {
      "projectId": "qz82g6YFD3ByaFAf5Je7H9",
      "version": "latest",
      "dependencies": {},
      "lang": "js",
      "fileLocks": [
        {
          "type": "globalVariant",
          "assetId": "T92plFGSpkZH",
          "checksum": "0a8e030d11635d9a4a3216c50748cbd7"
        },
        {
          "assetId": "qz82g6YFD3ByaFAf5Je7H9",
          "type": "projectCss",
          "checksum": "c2bcaed139865230fceca82da3a0c6ff"
        },
        {
          "type": "renderModule",
          "assetId": "2tywXRtfaTRf",
          "checksum": "440ecaeb2fa6e22b186734f06b643c37"
        },
        {
          "type": "cssRules",
          "assetId": "2tywXRtfaTRf",
          "checksum": "440ecaeb2fa6e22b186734f06b643c37"
        },
        {
          "type": "renderModule",
          "assetId": "qkHzGyBKg8",
          "checksum": "cfac0dc9051f307d4089b7489db755e7"
        },
        {
          "type": "cssRules",
          "assetId": "qkHzGyBKg8",
          "checksum": "cfac0dc9051f307d4089b7489db755e7"
        },
        {
          "type": "renderModule",
          "assetId": "x5CQBu2cJl",
          "checksum": "920d111f944b8eca15bf3951e6ea1ab7"
        },
        {
          "type": "cssRules",
          "assetId": "x5CQBu2cJl",
          "checksum": "920d111f944b8eca15bf3951e6ea1ab7"
        },
        {
          "type": "renderModule",
          "assetId": "Ydq7E6riCm",
          "checksum": "f07da7650139a1e4c7279139b07f522a"
        },
        {
          "type": "cssRules",
          "assetId": "Ydq7E6riCm",
          "checksum": "f07da7650139a1e4c7279139b07f522a"
        },
        {
          "type": "image",
          "assetId": "-ALTKeLUl",
          "checksum": "c0fcdc79bf93e16629d266ced56fcaaa"
        }
      ]
    }
  ],
  "cliVersion": "0.1.137"
}
