{
  "projects": [
    {
      "projectId": "qz82g6YFD3ByaFAf5Je7H9",
      "version": "latest",
      "dependencies": {},
      "lang": "js",
      "fileLocks": [
        {
          "type": "globalVariant",
          "assetId": "T92plFGSpkZH",
          "checksum": "0a8e030d11635d9a4a3216c50748cbd7"
        },
        {
          "type": "renderModule",
          "assetId": "2tywXRtfaTRf",
<<<<<<< HEAD
          "checksum": "987cbb52bc34edf6b6aa7f228494cb0c"
=======
          "checksum": "470357ef91a69b8602245cca80ff9e6c"
>>>>>>> 7c7f5bc129ab12cca246983672115d30a03324bd
        },
        {
          "type": "cssRules",
          "assetId": "2tywXRtfaTRf",
<<<<<<< HEAD
          "checksum": "987cbb52bc34edf6b6aa7f228494cb0c"
=======
          "checksum": "470357ef91a69b8602245cca80ff9e6c"
>>>>>>> 7c7f5bc129ab12cca246983672115d30a03324bd
        },
        {
          "type": "renderModule",
          "assetId": "qkHzGyBKg8",
<<<<<<< HEAD
          "checksum": "c3ddddf7ce55775aa400a8a478fad8ce"
=======
          "checksum": "f8425c54fd872560dfdedb598b0826f7"
>>>>>>> 7c7f5bc129ab12cca246983672115d30a03324bd
        },
        {
          "type": "cssRules",
          "assetId": "qkHzGyBKg8",
<<<<<<< HEAD
          "checksum": "c3ddddf7ce55775aa400a8a478fad8ce"
=======
          "checksum": "f8425c54fd872560dfdedb598b0826f7"
>>>>>>> 7c7f5bc129ab12cca246983672115d30a03324bd
        },
        {
          "type": "renderModule",
          "assetId": "x5CQBu2cJl",
          "checksum": "920d111f944b8eca15bf3951e6ea1ab7"
        },
        {
          "type": "cssRules",
          "assetId": "x5CQBu2cJl",
          "checksum": "920d111f944b8eca15bf3951e6ea1ab7"
        },
        {
          "type": "renderModule",
          "assetId": "Ydq7E6riCm",
<<<<<<< HEAD
          "checksum": "e0447d3ffa4754fa0930586f7841ecb8"
=======
          "checksum": "1f6a4925e7e05a6376226afc4051f7b8"
>>>>>>> 7c7f5bc129ab12cca246983672115d30a03324bd
        },
        {
          "type": "cssRules",
          "assetId": "Ydq7E6riCm",
<<<<<<< HEAD
          "checksum": "e0447d3ffa4754fa0930586f7841ecb8"
=======
          "checksum": "1f6a4925e7e05a6376226afc4051f7b8"
>>>>>>> 7c7f5bc129ab12cca246983672115d30a03324bd
        },
        {
          "type": "image",
          "assetId": "-ALTKeLUl",
          "checksum": "c0fcdc79bf93e16629d266ced56fcaaa"
        },
        {
<<<<<<< HEAD
=======
          "type": "globalVariant",
          "assetId": "uaiHSTLBvk",
          "checksum": "e4bb50a794a73db425616185adf9d824"
        },
        {
>>>>>>> 7c7f5bc129ab12cca246983672115d30a03324bd
          "assetId": "qz82g6YFD3ByaFAf5Je7H9",
          "type": "projectCss",
          "checksum": "c2bcaed139865230fceca82da3a0c6ff"
        }
      ]
    }
  ],
  "cliVersion": "0.1.137"
}
